
Microsoft Visual Studio Solution File, Format Version 12.00
# Visual Studio Version 17
VisualStudioVersion = 17.7.34009.444
MinimumVisualStudioVersion = 10.0.40219.1
Project("{9A19103F-16F7-4668-BE54-9A1E7A4F7556}") = "Feedback.API", "Feedback.API\Feedback.API.csproj", "{1D1CCC12-0EBA-4EA5-8CCE-08960124FB0B}"
EndProject
Project("{9A19103F-16F7-4668-BE54-9A1E7A4F7556}") = "Feedback.Web", "Feedback.Web\Feedback.Web.csproj", "{87CE23BC-9739-42FF-946B-5776FC530228}"
EndProject
Global
	GlobalSection(SolutionConfigurationPlatforms) = preSolution
		Debug|Any CPU = Debug|Any CPU
		Release|Any CPU = Release|Any CPU
	EndGlobalSection
	GlobalSection(ProjectConfigurationPlatforms) = postSolution
		{1D1CCC12-0EBA-4EA5-8CCE-08960124FB0B}.Debug|Any CPU.ActiveCfg = Debug|Any CPU
		{1D1CCC12-0EBA-4EA5-8CCE-08960124FB0B}.Debug|Any CPU.Build.0 = Debug|Any CPU
		{1D1CCC12-0EBA-4EA5-8CCE-08960124FB0B}.Release|Any CPU.ActiveCfg = Release|Any CPU
		{1D1CCC12-0EBA-4EA5-8CCE-08960124FB0B}.Release|Any CPU.Build.0 = Release|Any CPU
		{87CE23BC-9739-42FF-946B-5776FC530228}.Debug|Any CPU.ActiveCfg = Debug|Any CPU
		{87CE23BC-9739-42FF-946B-5776FC530228}.Debug|Any CPU.Build.0 = Debug|Any CPU
		{87CE23BC-9739-42FF-946B-5776FC530228}.Release|Any CPU.ActiveCfg = Release|Any CPU
		{87CE23BC-9739-42FF-946B-5776FC530228}.Release|Any CPU.Build.0 = Release|Any CPU
	EndGlobalSection
	GlobalSection(SolutionProperties) = preSolution
		HideSolutionNode = FALSE
	EndGlobalSection
	GlobalSection(ExtensibilityGlobals) = postSolution
		SolutionGuid = {4EB6FC55-3B0B-410B-8692-E91CB704BE5C}
	EndGlobalSection
EndGlobal
